// !$*UTF8*$!
{
	archiveVersion = 1;
	classes = {
	};
	objectVersion = 55;
	objects = {

/* Begin PBXBuildFile section */
		C36BCE56270A2794007EFBB0 /* AppDelegate.swift in Sources */ = {isa = PBXBuildFile; fileRef = C36BCE55270A2794007EFBB0 /* AppDelegate.swift */; };
		C36BCE58270A2794007EFBB0 /* SceneDelegate.swift in Sources */ = {isa = PBXBuildFile; fileRef = C36BCE57270A2794007EFBB0 /* SceneDelegate.swift */; };
		C36BCE5A270A2794007EFBB0 /* ViewController.swift in Sources */ = {isa = PBXBuildFile; fileRef = C36BCE59270A2794007EFBB0 /* ViewController.swift */; };
		C36BCE5D270A2794007EFBB0 /* Main.storyboard in Resources */ = {isa = PBXBuildFile; fileRef = C36BCE5B270A2794007EFBB0 /* Main.storyboard */; };
		C36BCE5F270A2795007EFBB0 /* Assets.xcassets in Resources */ = {isa = PBXBuildFile; fileRef = C36BCE5E270A2795007EFBB0 /* Assets.xcassets */; };
		C36BCE62270A2795007EFBB0 /* LaunchScreen.storyboard in Resources */ = {isa = PBXBuildFile; fileRef = C36BCE60270A2795007EFBB0 /* LaunchScreen.storyboard */; };
		C36BCE6D270A2795007EFBB0 /* AlhanoufAlghayahab_GreatNumberGameTests.swift in Sources */ = {isa = PBXBuildFile; fileRef = C36BCE6C270A2795007EFBB0 /* AlhanoufAlghayahab_GreatNumberGameTests.swift */; };
		C36BCE77270A2796007EFBB0 /* AlhanoufAlghayahab_GreatNumberGameUITests.swift in Sources */ = {isa = PBXBuildFile; fileRef = C36BCE76270A2796007EFBB0 /* AlhanoufAlghayahab_GreatNumberGameUITests.swift */; };
		C36BCE79270A2796007EFBB0 /* AlhanoufAlghayahab_GreatNumberGameUITestsLaunchTests.swift in Sources */ = {isa = PBXBuildFile; fileRef = C36BCE78270A2796007EFBB0 /* AlhanoufAlghayahab_GreatNumberGameUITestsLaunchTests.swift */; };
/* End PBXBuildFile section */

/* Begin PBXContainerItemProxy section */
		C36BCE69270A2795007EFBB0 /* PBXContainerItemProxy */ = {
			isa = PBXContainerItemProxy;
			containerPortal = C36BCE4A270A2794007EFBB0 /* Project object */;
			proxyType = 1;
			remoteGlobalIDString = C36BCE51270A2794007EFBB0;
			remoteInfo = AlhanoufAlghayahab_GreatNumberGame;
		};
		C36BCE73270A2796007EFBB0 /* PBXContainerItemProxy */ = {
			isa = PBXContainerItemProxy;
			containerPortal = C36BCE4A270A2794007EFBB0 /* Project object */;
			proxyType = 1;
			remoteGlobalIDString = C36BCE51270A2794007EFBB0;
			remoteInfo = AlhanoufAlghayahab_GreatNumberGame;
		};
/* End PBXContainerItemProxy section */

/* Begin PBXFileReference section */
		C36BCE52270A2794007EFBB0 /* AlhanoufAlghayahab_GreatNumberGame.app */ = {isa = PBXFileReference; explicitFileType = wrapper.application; includeInIndex = 0; path = AlhanoufAlghayahab_GreatNumberGame.app; sourceTree = BUILT_PRODUCTS_DIR; };
		C36BCE55270A2794007EFBB0 /* AppDelegate.swift */ = {isa = PBXFileReference; lastKnownFileType = sourcecode.swift; path = AppDelegate.swift; sourceTree = "<group>"; };
		C36BCE57270A2794007EFBB0 /* SceneDelegate.swift */ = {isa = PBXFileReference; lastKnownFileType = sourcecode.swift; path = SceneDelegate.swift; sourceTree = "<group>"; };
		C36BCE59270A2794007EFBB0 /* ViewController.swift */ = {isa = PBXFileReference; lastKnownFileType = sourcecode.swift; path = ViewController.swift; sourceTree = "<group>"; };
		C36BCE5C270A2794007EFBB0 /* Base */ = {isa = PBXFileReference; lastKnownFileType = file.storyboard; name = Base; path = Base.lproj/Main.storyboard; sourceTree = "<group>"; };
		C36BCE5E270A2795007EFBB0 /* Assets.xcassets */ = {isa = PBXFileReference; lastKnownFileType = folder.assetcatalog; path = Assets.xcassets; sourceTree = "<group>"; };
		C36BCE61270A2795007EFBB0 /* Base */ = {isa = PBXFileReference; lastKnownFileType = file.storyboard; name = Base; path = Base.lproj/LaunchScreen.storyboard; sourceTree = "<group>"; };
		C36BCE63270A2795007EFBB0 /* Info.plist */ = {isa = PBXFileReference; lastKnownFileType = text.plist.xml; path = Info.plist; sourceTree = "<group>"; };
		C36BCE68270A2795007EFBB0 /* AlhanoufAlghayahab_GreatNumberGameTests.xctest */ = {isa = PBXFileReference; explicitFileType = wrapper.cfbundle; includeInIndex = 0; path = AlhanoufAlghayahab_GreatNumberGameTests.xctest; sourceTree = BUILT_PRODUCTS_DIR; };
		C36BCE6C270A2795007EFBB0 /* AlhanoufAlghayahab_GreatNumberGameTests.swift */ = {isa = PBXFileReference; lastKnownFileType = sourcecode.swift; path = AlhanoufAlghayahab_GreatNumberGameTests.swift; sourceTree = "<group>"; };
		C36BCE72270A2796007EFBB0 /* AlhanoufAlghayahab_GreatNumberGameUITests.xctest */ = {isa = PBXFileReference; explicitFileType = wrapper.cfbundle; includeInIndex = 0; path = AlhanoufAlghayahab_GreatNumberGameUITests.xctest; sourceTree = BUILT_PRODUCTS_DIR; };
		C36BCE76270A2796007EFBB0 /* AlhanoufAlghayahab_GreatNumberGameUITests.swift */ = {isa = PBXFileReference; lastKnownFileType = sourcecode.swift; path = AlhanoufAlghayahab_GreatNumberGameUITests.swift; sourceTree = "<group>"; };
		C36BCE78270A2796007EFBB0 /* AlhanoufAlghayahab_GreatNumberGameUITestsLaunchTests.swift */ = {isa = PBXFileReference; lastKnownFileType = sourcecode.swift; path = AlhanoufAlghayahab_GreatNumberGameUITestsLaunchTests.swift; sourceTree = "<group>"; };
/* End PBXFileReference section */

/* Begin PBXFrameworksBuildPhase section */
		C36BCE4F270A2794007EFBB0 /* Frameworks */ = {
			isa = PBXFrameworksBuildPhase;
			buildActionMask = 2147483647;
			files = (
			);
			runOnlyForDeploymentPostprocessing = 0;
		};
		C36BCE65270A2795007EFBB0 /* Frameworks */ = {
			isa = PBXFrameworksBuildPhase;
			buildActionMask = 2147483647;
			files = (
			);
			runOnlyForDeploymentPostprocessing = 0;
		};
		C36BCE6F270A2796007EFBB0 /* Frameworks */ = {
			isa = PBXFrameworksBuildPhase;
			buildActionMask = 2147483647;
			files = (
			);
			runOnlyForDeploymentPostprocessing = 0;
		};
/* End PBXFrameworksBuildPhase section */

/* Begin PBXGroup section */
		C36BCE49270A2794007EFBB0 = {
			isa = PBXGroup;
			children = (
				C36BCE54270A2794007EFBB0 /* AlhanoufAlghayahab_GreatNumberGame */,
				C36BCE6B270A2795007EFBB0 /* AlhanoufAlghayahab_GreatNumberGameTests */,
				C36BCE75270A2796007EFBB0 /* AlhanoufAlghayahab_GreatNumberGameUITests */,
				C36BCE53270A2794007EFBB0 /* Products */,
			);
			sourceTree = "<group>";
		};
		C36BCE53270A2794007EFBB0 /* Products */ = {
			isa = PBXGroup;
			children = (
				C36BCE52270A2794007EFBB0 /* AlhanoufAlghayahab_GreatNumberGame.app */,
				C36BCE68270A2795007EFBB0 /* AlhanoufAlghayahab_GreatNumberGameTests.xctest */,
				C36BCE72270A2796007EFBB0 /* AlhanoufAlghayahab_GreatNumberGameUITests.xctest */,
			);
			name = Products;
			sourceTree = "<group>";
		};
		C36BCE54270A2794007EFBB0 /* AlhanoufAlghayahab_GreatNumberGame */ = {
			isa = PBXGroup;
			children = (
				C36BCE55270A2794007EFBB0 /* AppDelegate.swift */,
				C36BCE57270A2794007EFBB0 /* SceneDelegate.swift */,
				C36BCE59270A2794007EFBB0 /* ViewController.swift */,
				C36BCE5B270A2794007EFBB0 /* Main.storyboard */,
				C36BCE5E270A2795007EFBB0 /* Assets.xcassets */,
				C36BCE60270A2795007EFBB0 /* LaunchScreen.storyboard */,
				C36BCE63270A2795007EFBB0 /* Info.plist */,
			);
			path = AlhanoufAlghayahab_GreatNumberGame;
			sourceTree = "<group>";
		};
		C36BCE6B270A2795007EFBB0 /* AlhanoufAlghayahab_GreatNumberGameTests */ = {
			isa = PBXGroup;
			children = (
				C36BCE6C270A2795007EFBB0 /* AlhanoufAlghayahab_GreatNumberGameTests.swift */,
			);
			path = AlhanoufAlghayahab_GreatNumberGameTests;
			sourceTree = "<group>";
		};
		C36BCE75270A2796007EFBB0 /* AlhanoufAlghayahab_GreatNumberGameUITests */ = {
			isa = PBXGroup;
			children = (
				C36BCE76270A2796007EFBB0 /* AlhanoufAlghayahab_GreatNumberGameUITests.swift */,
				C36BCE78270A2796007EFBB0 /* AlhanoufAlghayahab_GreatNumberGameUITestsLaunchTests.swift */,
			);
			path = AlhanoufAlghayahab_GreatNumberGameUITests;
			sourceTree = "<group>";
		};
/* End PBXGroup section */

/* Begin PBXNativeTarget section */
		C36BCE51270A2794007EFBB0 /* AlhanoufAlghayahab_GreatNumberGame */ = {
			isa = PBXNativeTarget;
			buildConfigurationList = C36BCE7C270A2796007EFBB0 /* Build configuration list for PBXNativeTarget "AlhanoufAlghayahab_GreatNumberGame" */;
			buildPhases = (
				C36BCE4E270A2794007EFBB0 /* Sources */,
				C36BCE4F270A2794007EFBB0 /* Frameworks */,
				C36BCE50270A2794007EFBB0 /* Resources */,
			);
			buildRules = (
			);
			dependencies = (
			);
			name = AlhanoufAlghayahab_GreatNumberGame;
			productName = AlhanoufAlghayahab_GreatNumberGame;
			productReference = C36BCE52270A2794007EFBB0 /* AlhanoufAlghayahab_GreatNumberGame.app */;
			productType = "com.apple.product-type.application";
		};
		C36BCE67270A2795007EFBB0 /* AlhanoufAlghayahab_GreatNumberGameTests */ = {
			isa = PBXNativeTarget;
			buildConfigurationList = C36BCE7F270A2796007EFBB0 /* Build configuration list for PBXNativeTarget "AlhanoufAlghayahab_GreatNumberGameTests" */;
			buildPhases = (
				C36BCE64270A2795007EFBB0 /* Sources */,
				C36BCE65270A2795007EFBB0 /* Frameworks */,
				C36BCE66270A2795007EFBB0 /* Resources */,
			);
			buildRules = (
			);
			dependencies = (
				C36BCE6A270A2795007EFBB0 /* PBXTargetDependency */,
			);
			name = AlhanoufAlghayahab_GreatNumberGameTests;
			productName = AlhanoufAlghayahab_GreatNumberGameTests;
			productReference = C36BCE68270A2795007EFBB0 /* AlhanoufAlghayahab_GreatNumberGameTests.xctest */;
			productType = "com.apple.product-type.bundle.unit-test";
		};
		C36BCE71270A2796007EFBB0 /* AlhanoufAlghayahab_GreatNumberGameUITests */ = {
			isa = PBXNativeTarget;
			buildConfigurationList = C36BCE82270A2796007EFBB0 /* Build configuration list for PBXNativeTarget "AlhanoufAlghayahab_GreatNumberGameUITests" */;
			buildPhases = (
				C36BCE6E270A2796007EFBB0 /* Sources */,
				C36BCE6F270A2796007EFBB0 /* Frameworks */,
				C36BCE70270A2796007EFBB0 /* Resources */,
			);
			buildRules = (
			);
			dependencies = (
				C36BCE74270A2796007EFBB0 /* PBXTargetDependency */,
			);
			name = AlhanoufAlghayahab_GreatNumberGameUITests;
			productName = AlhanoufAlghayahab_GreatNumberGameUITests;
			productReference = C36BCE72270A2796007EFBB0 /* AlhanoufAlghayahab_GreatNumberGameUITests.xctest */;
			productType = "com.apple.product-type.bundle.ui-testing";
		};
/* End PBXNativeTarget section */

/* Begin PBXProject section */
		C36BCE4A270A2794007EFBB0 /* Project object */ = {
			isa = PBXProject;
			attributes = {
				BuildIndependentTargetsInParallel = 1;
				LastSwiftUpdateCheck = 1300;
				LastUpgradeCheck = 1300;
				TargetAttributes = {
					C36BCE51270A2794007EFBB0 = {
						CreatedOnToolsVersion = 13.0;
					};
					C36BCE67270A2795007EFBB0 = {
						CreatedOnToolsVersion = 13.0;
						TestTargetID = C36BCE51270A2794007EFBB0;
					};
					C36BCE71270A2796007EFBB0 = {
						CreatedOnToolsVersion = 13.0;
						TestTargetID = C36BCE51270A2794007EFBB0;
					};
				};
			};
			buildConfigurationList = C36BCE4D270A2794007EFBB0 /* Build configuration list for PBXProject "AlhanoufAlghayahab_GreatNumberGame" */;
			compatibilityVersion = "Xcode 13.0";
			developmentRegion = en;
			hasScannedForEncodings = 0;
			knownRegions = (
				en,
				Base,
			);
			mainGroup = C36BCE49270A2794007EFBB0;
			productRefGroup = C36BCE53270A2794007EFBB0 /* Products */;
			projectDirPath = "";
			projectRoot = "";
			targets = (
				C36BCE51270A2794007EFBB0 /* AlhanoufAlghayahab_GreatNumberGame */,
				C36BCE67270A2795007EFBB0 /* AlhanoufAlghayahab_GreatNumberGameTests */,
				C36BCE71270A2796007EFBB0 /* AlhanoufAlghayahab_GreatNumberGameUITests */,
			);
		};
/* End PBXProject section */

/* Begin PBXResourcesBuildPhase section */
		C36BCE50270A2794007EFBB0 /* Resources */ = {
			isa = PBXResourcesBuildPhase;
			buildActionMask = 2147483647;
			files = (
				C36BCE62270A2795007EFBB0 /* LaunchScreen.storyboard in Resources */,
				C36BCE5F270A2795007EFBB0 /* Assets.xcassets in Resources */,
				C36BCE5D270A2794007EFBB0 /* Main.storyboard in Resources */,
			);
			runOnlyForDeploymentPostprocessing = 0;
		};
		C36BCE66270A2795007EFBB0 /* Resources */ = {
			isa = PBXResourcesBuildPhase;
			buildActionMask = 2147483647;
			files = (
			);
			runOnlyForDeploymentPostprocessing = 0;
		};
		C36BCE70270A2796007EFBB0 /* Resources */ = {
			isa = PBXResourcesBuildPhase;
			buildActionMask = 2147483647;
			files = (
			);
			runOnlyForDeploymentPostprocessing = 0;
		};
/* End PBXResourcesBuildPhase section */

/* Begin PBXSourcesBuildPhase section */
		C36BCE4E270A2794007EFBB0 /* Sources */ = {
			isa = PBXSourcesBuildPhase;
			buildActionMask = 2147483647;
			files = (
				C36BCE5A270A2794007EFBB0 /* ViewController.swift in Sources */,
				C36BCE56270A2794007EFBB0 /* AppDelegate.swift in Sources */,
				C36BCE58270A2794007EFBB0 /* SceneDelegate.swift in Sources */,
			);
			runOnlyForDeploymentPostprocessing = 0;
		};
		C36BCE64270A2795007EFBB0 /* Sources */ = {
			isa = PBXSourcesBuildPhase;
			buildActionMask = 2147483647;
			files = (
				C36BCE6D270A2795007EFBB0 /* AlhanoufAlghayahab_GreatNumberGameTests.swift in Sources */,
			);
			runOnlyForDeploymentPostprocessing = 0;
		};
		C36BCE6E270A2796007EFBB0 /* Sources */ = {
			isa = PBXSourcesBuildPhase;
			buildActionMask = 2147483647;
			files = (
				C36BCE77270A2796007EFBB0 /* AlhanoufAlghayahab_GreatNumberGameUITests.swift in Sources */,
				C36BCE79270A2796007EFBB0 /* AlhanoufAlghayahab_GreatNumberGameUITestsLaunchTests.swift in Sources */,
			);
			runOnlyForDeploymentPostprocessing = 0;
		};
/* End PBXSourcesBuildPhase section */

/* Begin PBXTargetDependency section */
		C36BCE6A270A2795007EFBB0 /* PBXTargetDependency */ = {
			isa = PBXTargetDependency;
			target = C36BCE51270A2794007EFBB0 /* AlhanoufAlghayahab_GreatNumberGame */;
			targetProxy = C36BCE69270A2795007EFBB0 /* PBXContainerItemProxy */;
		};
		C36BCE74270A2796007EFBB0 /* PBXTargetDependency */ = {
			isa = PBXTargetDependency;
			target = C36BCE51270A2794007EFBB0 /* AlhanoufAlghayahab_GreatNumberGame */;
			targetProxy = C36BCE73270A2796007EFBB0 /* PBXContainerItemProxy */;
		};
/* End PBXTargetDependency section */

/* Begin PBXVariantGroup section */
		C36BCE5B270A2794007EFBB0 /* Main.storyboard */ = {
			isa = PBXVariantGroup;
			children = (
				C36BCE5C270A2794007EFBB0 /* Base */,
			);
			name = Main.storyboard;
			sourceTree = "<group>";
		};
		C36BCE60270A2795007EFBB0 /* LaunchScreen.storyboard */ = {
			isa = PBXVariantGroup;
			children = (
				C36BCE61270A2795007EFBB0 /* Base */,
			);
			name = LaunchScreen.storyboard;
			sourceTree = "<group>";
		};
/* End PBXVariantGroup section */

/* Begin XCBuildConfiguration section */
		C36BCE7A270A2796007EFBB0 /* Debug */ = {
			isa = XCBuildConfiguration;
			buildSettings = {
				ALWAYS_SEARCH_USER_PATHS = NO;
				CLANG_ANALYZER_NONNULL = YES;
				CLANG_ANALYZER_NUMBER_OBJECT_CONVERSION = YES_AGGRESSIVE;
				CLANG_CXX_LANGUAGE_STANDARD = "gnu++17";
				CLANG_CXX_LIBRARY = "libc++";
				CLANG_ENABLE_MODULES = YES;
				CLANG_ENABLE_OBJC_ARC = YES;
				CLANG_ENABLE_OBJC_WEAK = YES;
				CLANG_WARN_BLOCK_CAPTURE_AUTORELEASING = YES;
				CLANG_WARN_BOOL_CONVERSION = YES;
				CLANG_WARN_COMMA = YES;
				CLANG_WARN_CONSTANT_CONVERSION = YES;
				CLANG_WARN_DEPRECATED_OBJC_IMPLEMENTATIONS = YES;
				CLANG_WARN_DIRECT_OBJC_ISA_USAGE = YES_ERROR;
				CLANG_WARN_DOCUMENTATION_COMMENTS = YES;
				CLANG_WARN_EMPTY_BODY = YES;
				CLANG_WARN_ENUM_CONVERSION = YES;
				CLANG_WARN_INFINITE_RECURSION = YES;
				CLANG_WARN_INT_CONVERSION = YES;
				CLANG_WARN_NON_LITERAL_NULL_CONVERSION = YES;
				CLANG_WARN_OBJC_IMPLICIT_RETAIN_SELF = YES;
				CLANG_WARN_OBJC_LITERAL_CONVERSION = YES;
				CLANG_WARN_OBJC_ROOT_CLASS = YES_ERROR;
				CLANG_WARN_QUOTED_INCLUDE_IN_FRAMEWORK_HEADER = YES;
				CLANG_WARN_RANGE_LOOP_ANALYSIS = YES;
				CLANG_WARN_STRICT_PROTOTYPES = YES;
				CLANG_WARN_SUSPICIOUS_MOVE = YES;
				CLANG_WARN_UNGUARDED_AVAILABILITY = YES_AGGRESSIVE;
				CLANG_WARN_UNREACHABLE_CODE = YES;
				CLANG_WARN__DUPLICATE_METHOD_MATCH = YES;
				COPY_PHASE_STRIP = NO;
				DEBUG_INFORMATION_FORMAT = dwarf;
				ENABLE_STRICT_OBJC_MSGSEND = YES;
				ENABLE_TESTABILITY = YES;
				GCC_C_LANGUAGE_STANDARD = gnu11;
				GCC_DYNAMIC_NO_PIC = NO;
				GCC_NO_COMMON_BLOCKS = YES;
				GCC_OPTIMIZATION_LEVEL = 0;
				GCC_PREPROCESSOR_DEFINITIONS = (
					"DEBUG=1",
					"$(inherited)",
				);
				GCC_WARN_64_TO_32_BIT_CONVERSION = YES;
				GCC_WARN_ABOUT_RETURN_TYPE = YES_ERROR;
				GCC_WARN_UNDECLARED_SELECTOR = YES;
				GCC_WARN_UNINITIALIZED_AUTOS = YES_AGGRESSIVE;
				GCC_WARN_UNUSED_FUNCTION = YES;
				GCC_WARN_UNUSED_VARIABLE = YES;
				IPHONEOS_DEPLOYMENT_TARGET = 15.0;
				MTL_ENABLE_DEBUG_INFO = INCLUDE_SOURCE;
				MTL_FAST_MATH = YES;
				ONLY_ACTIVE_ARCH = YES;
				SDKROOT = iphoneos;
				SWIFT_ACTIVE_COMPILATION_CONDITIONS = DEBUG;
				SWIFT_OPTIMIZATION_LEVEL = "-Onone";
			};
			name = Debug;
		};
		C36BCE7B270A2796007EFBB0 /* Release */ = {
			isa = XCBuildConfiguration;
			buildSettings = {
				ALWAYS_SEARCH_USER_PATHS = NO;
				CLANG_ANALYZER_NONNULL = YES;
				CLANG_ANALYZER_NUMBER_OBJECT_CONVERSION = YES_AGGRESSIVE;
				CLANG_CXX_LANGUAGE_STANDARD = "gnu++17";
				CLANG_CXX_LIBRARY = "libc++";
				CLANG_ENABLE_MODULES = YES;
				CLANG_ENABLE_OBJC_ARC = YES;
				CLANG_ENABLE_OBJC_WEAK = YES;
				CLANG_WARN_BLOCK_CAPTURE_AUTORELEASING = YES;
				CLANG_WARN_BOOL_CONVERSION = YES;
				CLANG_WARN_COMMA = YES;
				CLANG_WARN_CONSTANT_CONVERSION = YES;
				CLANG_WARN_DEPRECATED_OBJC_IMPLEMENTATIONS = YES;
				CLANG_WARN_DIRECT_OBJC_ISA_USAGE = YES_ERROR;
				CLANG_WARN_DOCUMENTATION_COMMENTS = YES;
				CLANG_WARN_EMPTY_BODY = YES;
				CLANG_WARN_ENUM_CONVERSION = YES;
				CLANG_WARN_INFINITE_RECURSION = YES;
				CLANG_WARN_INT_CONVERSION = YES;
				CLANG_WARN_NON_LITERAL_NULL_CONVERSION = YES;
				CLANG_WARN_OBJC_IMPLICIT_RETAIN_SELF = YES;
				CLANG_WARN_OBJC_LITERAL_CONVERSION = YES;
				CLANG_WARN_OBJC_ROOT_CLASS = YES_ERROR;
				CLANG_WARN_QUOTED_INCLUDE_IN_FRAMEWORK_HEADER = YES;
				CLANG_WARN_RANGE_LOOP_ANALYSIS = YES;
				CLANG_WARN_STRICT_PROTOTYPES = YES;
				CLANG_WARN_SUSPICIOUS_MOVE = YES;
				CLANG_WARN_UNGUARDED_AVAILABILITY = YES_AGGRESSIVE;
				CLANG_WARN_UNREACHABLE_CODE = YES;
				CLANG_WARN__DUPLICATE_METHOD_MATCH = YES;
				COPY_PHASE_STRIP = NO;
				DEBUG_INFORMATION_FORMAT = "dwarf-with-dsym";
				ENABLE_NS_ASSERTIONS = NO;
				ENABLE_STRICT_OBJC_MSGSEND = YES;
				GCC_C_LANGUAGE_STANDARD = gnu11;
				GCC_NO_COMMON_BLOCKS = YES;
				GCC_WARN_64_TO_32_BIT_CONVERSION = YES;
				GCC_WARN_ABOUT_RETURN_TYPE = YES_ERROR;
				GCC_WARN_UNDECLARED_SELECTOR = YES;
				GCC_WARN_UNINITIALIZED_AUTOS = YES_AGGRESSIVE;
				GCC_WARN_UNUSED_FUNCTION = YES;
				GCC_WARN_UNUSED_VARIABLE = YES;
				IPHONEOS_DEPLOYMENT_TARGET = 15.0;
				MTL_ENABLE_DEBUG_INFO = NO;
				MTL_FAST_MATH = YES;
				SDKROOT = iphoneos;
				SWIFT_COMPILATION_MODE = wholemodule;
				SWIFT_OPTIMIZATION_LEVEL = "-O";
				VALIDATE_PRODUCT = YES;
			};
			name = Release;
		};
		C36BCE7D270A2796007EFBB0 /* Debug */ = {
			isa = XCBuildConfiguration;
			buildSettings = {
				ASSETCATALOG_COMPILER_APPICON_NAME = AppIcon;
				ASSETCATALOG_COMPILER_GLOBAL_ACCENT_COLOR_NAME = AccentColor;
				CODE_SIGN_STYLE = Automatic;
				CURRENT_PROJECT_VERSION = 1;
				GENERATE_INFOPLIST_FILE = YES;
				INFOPLIST_FILE = AlhanoufAlghayahab_GreatNumberGame/Info.plist;
				INFOPLIST_KEY_UIApplicationSupportsIndirectInputEvents = YES;
				INFOPLIST_KEY_UILaunchStoryboardName = LaunchScreen;
				INFOPLIST_KEY_UIMainStoryboardFile = Main;
				INFOPLIST_KEY_UISupportedInterfaceOrientations_iPad = "UIInterfaceOrientationPortrait UIInterfaceOrientationPortraitUpsideDown UIInterfaceOrientationLandscapeLeft UIInterfaceOrientationLandscapeRight";
				INFOPLIST_KEY_UISupportedInterfaceOrientations_iPhone = "UIInterfaceOrientationPortrait UIInterfaceOrientationLandscapeLeft UIInterfaceOrientationLandscapeRight";
				LD_RUNPATH_SEARCH_PATHS = (
					"$(inherited)",
					"@executable_path/Frameworks",
				);
				MARKETING_VERSION = 1.0;
				PRODUCT_BUNDLE_IDENTIFIER = "CodingDojo.AlhanoufAlghayahab-GreatNumberGame";
				PRODUCT_NAME = "$(TARGET_NAME)";
				SWIFT_EMIT_LOC_STRINGS = YES;
				SWIFT_VERSION = 5.0;
				TARGETED_DEVICE_FAMILY = "1,2";
			};
			name = Debug;
		};
		C36BCE7E270A2796007EFBB0 /* Release */ = {
			isa = XCBuildConfiguration;
			buildSettings = {
				ASSETCATALOG_COMPILER_APPICON_NAME = AppIcon;
				ASSETCATALOG_COMPILER_GLOBAL_ACCENT_COLOR_NAME = AccentColor;
				CODE_SIGN_STYLE = Automatic;
				CURRENT_PROJECT_VERSION = 1;
				GENERATE_INFOPLIST_FILE = YES;
				INFOPLIST_FILE = AlhanoufAlghayahab_GreatNumberGame/Info.plist;
				INFOPLIST_KEY_UIApplicationSupportsIndirectInputEvents = YES;
				INFOPLIST_KEY_UILaunchStoryboardName = LaunchScreen;
				INFOPLIST_KEY_UIMainStoryboardFile = Main;
				INFOPLIST_KEY_UISupportedInterfaceOrientations_iPad = "UIInterfaceOrientationPortrait UIInterfaceOrientationPortraitUpsideDown UIInterfaceOrientationLandscapeLeft UIInterfaceOrientationLandscapeRight";
				INFOPLIST_KEY_UISupportedInterfaceOrientations_iPhone = "UIInterfaceOrientationPortrait UIInterfaceOrientationLandscapeLeft UIInterfaceOrientationLandscapeRight";
				LD_RUNPATH_SEARCH_PATHS = (
					"$(inherited)",
					"@executable_path/Frameworks",
				);
				MARKETING_VERSION = 1.0;
				PRODUCT_BUNDLE_IDENTIFIER = "CodingDojo.AlhanoufAlghayahab-GreatNumberGame";
				PRODUCT_NAME = "$(TARGET_NAME)";
				SWIFT_EMIT_LOC_STRINGS = YES;
				SWIFT_VERSION = 5.0;
				TARGETED_DEVICE_FAMILY = "1,2";
			};
			name = Release;
		};
		C36BCE80270A2796007EFBB0 /* Debug */ = {
			isa = XCBuildConfiguration;
			buildSettings = {
				ALWAYS_EMBED_SWIFT_STANDARD_LIBRARIES = YES;
				BUNDLE_LOADER = "$(TEST_HOST)";
				CODE_SIGN_STYLE = Automatic;
				CURRENT_PROJECT_VERSION = 1;
				GENERATE_INFOPLIST_FILE = YES;
				IPHONEOS_DEPLOYMENT_TARGET = 15.0;
				LD_RUNPATH_SEARCH_PATHS = (
					"$(inherited)",
					"@executable_path/Frameworks",
					"@loader_path/Frameworks",
				);
				MARKETING_VERSION = 1.0;
				PRODUCT_BUNDLE_IDENTIFIER = "CodingDojo.AlhanoufAlghayahab-GreatNumberGameTests";
				PRODUCT_NAME = "$(TARGET_NAME)";
				SWIFT_EMIT_LOC_STRINGS = NO;
				SWIFT_VERSION = 5.0;
				TARGETED_DEVICE_FAMILY = "1,2";
				TEST_HOST = "$(BUILT_PRODUCTS_DIR)/AlhanoufAlghayahab_GreatNumberGame.app/AlhanoufAlghayahab_GreatNumberGame";
			};
			name = Debug;
		};
		C36BCE81270A2796007EFBB0 /* Release */ = {
			isa = XCBuildConfiguration;
			buildSettings = {
				ALWAYS_EMBED_SWIFT_STANDARD_LIBRARIES = YES;
				BUNDLE_LOADER = "$(TEST_HOST)";
				CODE_SIGN_STYLE = Automatic;
				CURRENT_PROJECT_VERSION = 1;
				GENERATE_INFOPLIST_FILE = YES;
				IPHONEOS_DEPLOYMENT_TARGET = 15.0;
				LD_RUNPATH_SEARCH_PATHS = (
					"$(inherited)",
					"@executable_path/Frameworks",
					"@loader_path/Frameworks",
				);
				MARKETING_VERSION = 1.0;
				PRODUCT_BUNDLE_IDENTIFIER = "CodingDojo.AlhanoufAlghayahab-GreatNumberGameTests";
				PRODUCT_NAME = "$(TARGET_NAME)";
				SWIFT_EMIT_LOC_STRINGS = NO;
				SWIFT_VERSION = 5.0;
				TARGETED_DEVICE_FAMILY = "1,2";
				TEST_HOST = "$(BUILT_PRODUCTS_DIR)/AlhanoufAlghayahab_GreatNumberGame.app/AlhanoufAlghayahab_GreatNumberGame";
			};
			name = Release;
		};
		C36BCE83270A2796007EFBB0 /* Debug */ = {
			isa = XCBuildConfiguration;
			buildSettings = {
				ALWAYS_EMBED_SWIFT_STANDARD_LIBRARIES = YES;
				CODE_SIGN_STYLE = Automatic;
				CURRENT_PROJECT_VERSION = 1;
				GENERATE_INFOPLIST_FILE = YES;
				LD_RUNPATH_SEARCH_PATHS = (
					"$(inherited)",
					"@executable_path/Frameworks",
					"@loader_path/Frameworks",
				);
				MARKETING_VERSION = 1.0;
				PRODUCT_BUNDLE_IDENTIFIER = "CodingDojo.AlhanoufAlghayahab-GreatNumberGameUITests";
				PRODUCT_NAME = "$(TARGET_NAME)";
				SWIFT_EMIT_LOC_STRINGS = NO;
				SWIFT_VERSION = 5.0;
				TARGETED_DEVICE_FAMILY = "1,2";
				TEST_TARGET_NAME = AlhanoufAlghayahab_GreatNumberGame;
			};
			name = Debug;
		};
		C36BCE84270A2796007EFBB0 /* Release */ = {
			isa = XCBuildConfiguration;
			buildSettings = {
				ALWAYS_EMBED_SWIFT_STANDARD_LIBRARIES = YES;
				CODE_SIGN_STYLE = Automatic;
				CURRENT_PROJECT_VERSION = 1;
				GENERATE_INFOPLIST_FILE = YES;
				LD_RUNPATH_SEARCH_PATHS = (
					"$(inherited)",
					"@executable_path/Frameworks",
					"@loader_path/Frameworks",
				);
				MARKETING_VERSION = 1.0;
				PRODUCT_BUNDLE_IDENTIFIER = "CodingDojo.AlhanoufAlghayahab-GreatNumberGameUITests";
				PRODUCT_NAME = "$(TARGET_NAME)";
				SWIFT_EMIT_LOC_STRINGS = NO;
				SWIFT_VERSION = 5.0;
				TARGETED_DEVICE_FAMILY = "1,2";
				TEST_TARGET_NAME = AlhanoufAlghayahab_GreatNumberGame;
			};
			name = Release;
		};
/* End XCBuildConfiguration section */

/* Begin XCConfigurationList section */
		C36BCE4D270A2794007EFBB0 /* Build configuration list for PBXProject "AlhanoufAlghayahab_GreatNumberGame" */ = {
			isa = XCConfigurationList;
			buildConfigurations = (
				C36BCE7A270A2796007EFBB0 /* Debug */,
				C36BCE7B270A2796007EFBB0 /* Release */,
			);
			defaultConfigurationIsVisible = 0;
			defaultConfigurationName = Release;
		};
		C36BCE7C270A2796007EFBB0 /* Build configuration list for PBXNativeTarget "AlhanoufAlghayahab_GreatNumberGame" */ = {
			isa = XCConfigurationList;
			buildConfigurations = (
				C36BCE7D270A2796007EFBB0 /* Debug */,
				C36BCE7E270A2796007EFBB0 /* Release */,
			);
			defaultConfigurationIsVisible = 0;
			defaultConfigurationName = Release;
		};
		C36BCE7F270A2796007EFBB0 /* Build configuration list for PBXNativeTarget "AlhanoufAlghayahab_GreatNumberGameTests" */ = {
			isa = XCConfigurationList;
			buildConfigurations = (
				C36BCE80270A2796007EFBB0 /* Debug */,
				C36BCE81270A2796007EFBB0 /* Release */,
			);
			defaultConfigurationIsVisible = 0;
			defaultConfigurationName = Release;
		};
		C36BCE82270A2796007EFBB0 /* Build configuration list for PBXNativeTarget "AlhanoufAlghayahab_GreatNumberGameUITests" */ = {
			isa = XCConfigurationList;
			buildConfigurations = (
				C36BCE83270A2796007EFBB0 /* Debug */,
				C36BCE84270A2796007EFBB0 /* Release */,
			);
			defaultConfigurationIsVisible = 0;
			defaultConfigurationName = Release;
		};
/* End XCConfigurationList section */
	};
	rootObject = C36BCE4A270A2794007EFBB0 /* Project object */;
}
