// !$*UTF8*$!
{
	archiveVersion = 1;
	classes = {
	};
	objectVersion = 55;
	objects = {

/* Begin PBXBuildFile section */
		C36BCDDC27084FCF007EFBB0 /* AppDelegate.swift in Sources */ = {isa = PBXBuildFile; fileRef = C36BCDDB27084FCF007EFBB0 /* AppDelegate.swift */; };
		C36BCDDE27084FCF007EFBB0 /* SceneDelegate.swift in Sources */ = {isa = PBXBuildFile; fileRef = C36BCDDD27084FCF007EFBB0 /* SceneDelegate.swift */; };
		C36BCDE027084FCF007EFBB0 /* ViewController.swift in Sources */ = {isa = PBXBuildFile; fileRef = C36BCDDF27084FCF007EFBB0 /* ViewController.swift */; };
		C36BCDE327084FCF007EFBB0 /* Main.storyboard in Resources */ = {isa = PBXBuildFile; fileRef = C36BCDE127084FCF007EFBB0 /* Main.storyboard */; };
		C36BCDE527084FD0007EFBB0 /* Assets.xcassets in Resources */ = {isa = PBXBuildFile; fileRef = C36BCDE427084FD0007EFBB0 /* Assets.xcassets */; };
		C36BCDE827084FD0007EFBB0 /* LaunchScreen.storyboard in Resources */ = {isa = PBXBuildFile; fileRef = C36BCDE627084FD0007EFBB0 /* LaunchScreen.storyboard */; };
		C36BCDF327084FD0007EFBB0 /* AlhanoufAlghayhab_TipsterTests.swift in Sources */ = {isa = PBXBuildFile; fileRef = C36BCDF227084FD0007EFBB0 /* AlhanoufAlghayhab_TipsterTests.swift */; };
		C36BCDFD27084FD0007EFBB0 /* AlhanoufAlghayhab_TipsterUITests.swift in Sources */ = {isa = PBXBuildFile; fileRef = C36BCDFC27084FD0007EFBB0 /* AlhanoufAlghayhab_TipsterUITests.swift */; };
		C36BCDFF27084FD0007EFBB0 /* AlhanoufAlghayhab_TipsterUITestsLaunchTests.swift in Sources */ = {isa = PBXBuildFile; fileRef = C36BCDFE27084FD0007EFBB0 /* AlhanoufAlghayhab_TipsterUITestsLaunchTests.swift */; };
/* End PBXBuildFile section */

/* Begin PBXContainerItemProxy section */
		C36BCDEF27084FD0007EFBB0 /* PBXContainerItemProxy */ = {
			isa = PBXContainerItemProxy;
			containerPortal = C36BCDD027084FCF007EFBB0 /* Project object */;
			proxyType = 1;
			remoteGlobalIDString = C36BCDD727084FCF007EFBB0;
			remoteInfo = AlhanoufAlghayhab_Tipster;
		};
		C36BCDF927084FD0007EFBB0 /* PBXContainerItemProxy */ = {
			isa = PBXContainerItemProxy;
			containerPortal = C36BCDD027084FCF007EFBB0 /* Project object */;
			proxyType = 1;
			remoteGlobalIDString = C36BCDD727084FCF007EFBB0;
			remoteInfo = AlhanoufAlghayhab_Tipster;
		};
/* End PBXContainerItemProxy section */

/* Begin PBXFileReference section */
		C36BCDD827084FCF007EFBB0 /* AlhanoufAlghayhab_Tipster.app */ = {isa = PBXFileReference; explicitFileType = wrapper.application; includeInIndex = 0; path = AlhanoufAlghayhab_Tipster.app; sourceTree = BUILT_PRODUCTS_DIR; };
		C36BCDDB27084FCF007EFBB0 /* AppDelegate.swift */ = {isa = PBXFileReference; lastKnownFileType = sourcecode.swift; path = AppDelegate.swift; sourceTree = "<group>"; };
		C36BCDDD27084FCF007EFBB0 /* SceneDelegate.swift */ = {isa = PBXFileReference; lastKnownFileType = sourcecode.swift; path = SceneDelegate.swift; sourceTree = "<group>"; };
		C36BCDDF27084FCF007EFBB0 /* ViewController.swift */ = {isa = PBXFileReference; lastKnownFileType = sourcecode.swift; path = ViewController.swift; sourceTree = "<group>"; };
		C36BCDE227084FCF007EFBB0 /* Base */ = {isa = PBXFileReference; lastKnownFileType = file.storyboard; name = Base; path = Base.lproj/Main.storyboard; sourceTree = "<group>"; };
		C36BCDE427084FD0007EFBB0 /* Assets.xcassets */ = {isa = PBXFileReference; lastKnownFileType = folder.assetcatalog; path = Assets.xcassets; sourceTree = "<group>"; };
		C36BCDE727084FD0007EFBB0 /* Base */ = {isa = PBXFileReference; lastKnownFileType = file.storyboard; name = Base; path = Base.lproj/LaunchScreen.storyboard; sourceTree = "<group>"; };
		C36BCDE927084FD0007EFBB0 /* Info.plist */ = {isa = PBXFileReference; lastKnownFileType = text.plist.xml; path = Info.plist; sourceTree = "<group>"; };
		C36BCDEE27084FD0007EFBB0 /* AlhanoufAlghayhab_TipsterTests.xctest */ = {isa = PBXFileReference; explicitFileType = wrapper.cfbundle; includeInIndex = 0; path = AlhanoufAlghayhab_TipsterTests.xctest; sourceTree = BUILT_PRODUCTS_DIR; };
		C36BCDF227084FD0007EFBB0 /* AlhanoufAlghayhab_TipsterTests.swift */ = {isa = PBXFileReference; lastKnownFileType = sourcecode.swift; path = AlhanoufAlghayhab_TipsterTests.swift; sourceTree = "<group>"; };
		C36BCDF827084FD0007EFBB0 /* AlhanoufAlghayhab_TipsterUITests.xctest */ = {isa = PBXFileReference; explicitFileType = wrapper.cfbundle; includeInIndex = 0; path = AlhanoufAlghayhab_TipsterUITests.xctest; sourceTree = BUILT_PRODUCTS_DIR; };
		C36BCDFC27084FD0007EFBB0 /* AlhanoufAlghayhab_TipsterUITests.swift */ = {isa = PBXFileReference; lastKnownFileType = sourcecode.swift; path = AlhanoufAlghayhab_TipsterUITests.swift; sourceTree = "<group>"; };
		C36BCDFE27084FD0007EFBB0 /* AlhanoufAlghayhab_TipsterUITestsLaunchTests.swift */ = {isa = PBXFileReference; lastKnownFileType = sourcecode.swift; path = AlhanoufAlghayhab_TipsterUITestsLaunchTests.swift; sourceTree = "<group>"; };
/* End PBXFileReference section */

/* Begin PBXFrameworksBuildPhase section */
		C36BCDD527084FCF007EFBB0 /* Frameworks */ = {
			isa = PBXFrameworksBuildPhase;
			buildActionMask = 2147483647;
			files = (
			);
			runOnlyForDeploymentPostprocessing = 0;
		};
		C36BCDEB27084FD0007EFBB0 /* Frameworks */ = {
			isa = PBXFrameworksBuildPhase;
			buildActionMask = 2147483647;
			files = (
			);
			runOnlyForDeploymentPostprocessing = 0;
		};
		C36BCDF527084FD0007EFBB0 /* Frameworks */ = {
			isa = PBXFrameworksBuildPhase;
			buildActionMask = 2147483647;
			files = (
			);
			runOnlyForDeploymentPostprocessing = 0;
		};
/* End PBXFrameworksBuildPhase section */

/* Begin PBXGroup section */
		C36BCDCF27084FCF007EFBB0 = {
			isa = PBXGroup;
			children = (
				C36BCDDA27084FCF007EFBB0 /* AlhanoufAlghayhab_Tipster */,
				C36BCDF127084FD0007EFBB0 /* AlhanoufAlghayhab_TipsterTests */,
				C36BCDFB27084FD0007EFBB0 /* AlhanoufAlghayhab_TipsterUITests */,
				C36BCDD927084FCF007EFBB0 /* Products */,
			);
			sourceTree = "<group>";
		};
		C36BCDD927084FCF007EFBB0 /* Products */ = {
			isa = PBXGroup;
			children = (
				C36BCDD827084FCF007EFBB0 /* AlhanoufAlghayhab_Tipster.app */,
				C36BCDEE27084FD0007EFBB0 /* AlhanoufAlghayhab_TipsterTests.xctest */,
				C36BCDF827084FD0007EFBB0 /* AlhanoufAlghayhab_TipsterUITests.xctest */,
			);
			name = Products;
			sourceTree = "<group>";
		};
		C36BCDDA27084FCF007EFBB0 /* AlhanoufAlghayhab_Tipster */ = {
			isa = PBXGroup;
			children = (
				C36BCDDB27084FCF007EFBB0 /* AppDelegate.swift */,
				C36BCDDD27084FCF007EFBB0 /* SceneDelegate.swift */,
				C36BCDDF27084FCF007EFBB0 /* ViewController.swift */,
				C36BCDE127084FCF007EFBB0 /* Main.storyboard */,
				C36BCDE427084FD0007EFBB0 /* Assets.xcassets */,
				C36BCDE627084FD0007EFBB0 /* LaunchScreen.storyboard */,
				C36BCDE927084FD0007EFBB0 /* Info.plist */,
			);
			path = AlhanoufAlghayhab_Tipster;
			sourceTree = "<group>";
		};
		C36BCDF127084FD0007EFBB0 /* AlhanoufAlghayhab_TipsterTests */ = {
			isa = PBXGroup;
			children = (
				C36BCDF227084FD0007EFBB0 /* AlhanoufAlghayhab_TipsterTests.swift */,
			);
			path = AlhanoufAlghayhab_TipsterTests;
			sourceTree = "<group>";
		};
		C36BCDFB27084FD0007EFBB0 /* AlhanoufAlghayhab_TipsterUITests */ = {
			isa = PBXGroup;
			children = (
				C36BCDFC27084FD0007EFBB0 /* AlhanoufAlghayhab_TipsterUITests.swift */,
				C36BCDFE27084FD0007EFBB0 /* AlhanoufAlghayhab_TipsterUITestsLaunchTests.swift */,
			);
			path = AlhanoufAlghayhab_TipsterUITests;
			sourceTree = "<group>";
		};
/* End PBXGroup section */

/* Begin PBXNativeTarget section */
		C36BCDD727084FCF007EFBB0 /* AlhanoufAlghayhab_Tipster */ = {
			isa = PBXNativeTarget;
			buildConfigurationList = C36BCE0227084FD0007EFBB0 /* Build configuration list for PBXNativeTarget "AlhanoufAlghayhab_Tipster" */;
			buildPhases = (
				C36BCDD427084FCF007EFBB0 /* Sources */,
				C36BCDD527084FCF007EFBB0 /* Frameworks */,
				C36BCDD627084FCF007EFBB0 /* Resources */,
			);
			buildRules = (
			);
			dependencies = (
			);
			name = AlhanoufAlghayhab_Tipster;
			productName = AlhanoufAlghayhab_Tipster;
			productReference = C36BCDD827084FCF007EFBB0 /* AlhanoufAlghayhab_Tipster.app */;
			productType = "com.apple.product-type.application";
		};
		C36BCDED27084FD0007EFBB0 /* AlhanoufAlghayhab_TipsterTests */ = {
			isa = PBXNativeTarget;
			buildConfigurationList = C36BCE0527084FD0007EFBB0 /* Build configuration list for PBXNativeTarget "AlhanoufAlghayhab_TipsterTests" */;
			buildPhases = (
				C36BCDEA27084FD0007EFBB0 /* Sources */,
				C36BCDEB27084FD0007EFBB0 /* Frameworks */,
				C36BCDEC27084FD0007EFBB0 /* Resources */,
			);
			buildRules = (
			);
			dependencies = (
				C36BCDF027084FD0007EFBB0 /* PBXTargetDependency */,
			);
			name = AlhanoufAlghayhab_TipsterTests;
			productName = AlhanoufAlghayhab_TipsterTests;
			productReference = C36BCDEE27084FD0007EFBB0 /* AlhanoufAlghayhab_TipsterTests.xctest */;
			productType = "com.apple.product-type.bundle.unit-test";
		};
		C36BCDF727084FD0007EFBB0 /* AlhanoufAlghayhab_TipsterUITests */ = {
			isa = PBXNativeTarget;
			buildConfigurationList = C36BCE0827084FD0007EFBB0 /* Build configuration list for PBXNativeTarget "AlhanoufAlghayhab_TipsterUITests" */;
			buildPhases = (
				C36BCDF427084FD0007EFBB0 /* Sources */,
				C36BCDF527084FD0007EFBB0 /* Frameworks */,
				C36BCDF627084FD0007EFBB0 /* Resources */,
			);
			buildRules = (
			);
			dependencies = (
				C36BCDFA27084FD0007EFBB0 /* PBXTargetDependency */,
			);
			name = AlhanoufAlghayhab_TipsterUITests;
			productName = AlhanoufAlghayhab_TipsterUITests;
			productReference = C36BCDF827084FD0007EFBB0 /* AlhanoufAlghayhab_TipsterUITests.xctest */;
			productType = "com.apple.product-type.bundle.ui-testing";
		};
/* End PBXNativeTarget section */

/* Begin PBXProject section */
		C36BCDD027084FCF007EFBB0 /* Project object */ = {
			isa = PBXProject;
			attributes = {
				BuildIndependentTargetsInParallel = 1;
				LastSwiftUpdateCheck = 1300;
				LastUpgradeCheck = 1300;
				TargetAttributes = {
					C36BCDD727084FCF007EFBB0 = {
						CreatedOnToolsVersion = 13.0;
					};
					C36BCDED27084FD0007EFBB0 = {
						CreatedOnToolsVersion = 13.0;
						TestTargetID = C36BCDD727084FCF007EFBB0;
					};
					C36BCDF727084FD0007EFBB0 = {
						CreatedOnToolsVersion = 13.0;
						TestTargetID = C36BCDD727084FCF007EFBB0;
					};
				};
			};
			buildConfigurationList = C36BCDD327084FCF007EFBB0 /* Build configuration list for PBXProject "AlhanoufAlghayhab_Tipster" */;
			compatibilityVersion = "Xcode 13.0";
			developmentRegion = en;
			hasScannedForEncodings = 0;
			knownRegions = (
				en,
				Base,
			);
			mainGroup = C36BCDCF27084FCF007EFBB0;
			productRefGroup = C36BCDD927084FCF007EFBB0 /* Products */;
			projectDirPath = "";
			projectRoot = "";
			targets = (
				C36BCDD727084FCF007EFBB0 /* AlhanoufAlghayhab_Tipster */,
				C36BCDED27084FD0007EFBB0 /* AlhanoufAlghayhab_TipsterTests */,
				C36BCDF727084FD0007EFBB0 /* AlhanoufAlghayhab_TipsterUITests */,
			);
		};
/* End PBXProject section */

/* Begin PBXResourcesBuildPhase section */
		C36BCDD627084FCF007EFBB0 /* Resources */ = {
			isa = PBXResourcesBuildPhase;
			buildActionMask = 2147483647;
			files = (
				C36BCDE827084FD0007EFBB0 /* LaunchScreen.storyboard in Resources */,
				C36BCDE527084FD0007EFBB0 /* Assets.xcassets in Resources */,
				C36BCDE327084FCF007EFBB0 /* Main.storyboard in Resources */,
			);
			runOnlyForDeploymentPostprocessing = 0;
		};
		C36BCDEC27084FD0007EFBB0 /* Resources */ = {
			isa = PBXResourcesBuildPhase;
			buildActionMask = 2147483647;
			files = (
			);
			runOnlyForDeploymentPostprocessing = 0;
		};
		C36BCDF627084FD0007EFBB0 /* Resources */ = {
			isa = PBXResourcesBuildPhase;
			buildActionMask = 2147483647;
			files = (
			);
			runOnlyForDeploymentPostprocessing = 0;
		};
/* End PBXResourcesBuildPhase section */

/* Begin PBXSourcesBuildPhase section */
		C36BCDD427084FCF007EFBB0 /* Sources */ = {
			isa = PBXSourcesBuildPhase;
			buildActionMask = 2147483647;
			files = (
				C36BCDE027084FCF007EFBB0 /* ViewController.swift in Sources */,
				C36BCDDC27084FCF007EFBB0 /* AppDelegate.swift in Sources */,
				C36BCDDE27084FCF007EFBB0 /* SceneDelegate.swift in Sources */,
			);
			runOnlyForDeploymentPostprocessing = 0;
		};
		C36BCDEA27084FD0007EFBB0 /* Sources */ = {
			isa = PBXSourcesBuildPhase;
			buildActionMask = 2147483647;
			files = (
				C36BCDF327084FD0007EFBB0 /* AlhanoufAlghayhab_TipsterTests.swift in Sources */,
			);
			runOnlyForDeploymentPostprocessing = 0;
		};
		C36BCDF427084FD0007EFBB0 /* Sources */ = {
			isa = PBXSourcesBuildPhase;
			buildActionMask = 2147483647;
			files = (
				C36BCDFF27084FD0007EFBB0 /* AlhanoufAlghayhab_TipsterUITestsLaunchTests.swift in Sources */,
				C36BCDFD27084FD0007EFBB0 /* AlhanoufAlghayhab_TipsterUITests.swift in Sources */,
			);
			runOnlyForDeploymentPostprocessing = 0;
		};
/* End PBXSourcesBuildPhase section */

/* Begin PBXTargetDependency section */
		C36BCDF027084FD0007EFBB0 /* PBXTargetDependency */ = {
			isa = PBXTargetDependency;
			target = C36BCDD727084FCF007EFBB0 /* AlhanoufAlghayhab_Tipster */;
			targetProxy = C36BCDEF27084FD0007EFBB0 /* PBXContainerItemProxy */;
		};
		C36BCDFA27084FD0007EFBB0 /* PBXTargetDependency */ = {
			isa = PBXTargetDependency;
			target = C36BCDD727084FCF007EFBB0 /* AlhanoufAlghayhab_Tipster */;
			targetProxy = C36BCDF927084FD0007EFBB0 /* PBXContainerItemProxy */;
		};
/* End PBXTargetDependency section */

/* Begin PBXVariantGroup section */
		C36BCDE127084FCF007EFBB0 /* Main.storyboard */ = {
			isa = PBXVariantGroup;
			children = (
				C36BCDE227084FCF007EFBB0 /* Base */,
			);
			name = Main.storyboard;
			sourceTree = "<group>";
		};
		C36BCDE627084FD0007EFBB0 /* LaunchScreen.storyboard */ = {
			isa = PBXVariantGroup;
			children = (
				C36BCDE727084FD0007EFBB0 /* Base */,
			);
			name = LaunchScreen.storyboard;
			sourceTree = "<group>";
		};
/* End PBXVariantGroup section */

/* Begin XCBuildConfiguration section */
		C36BCE0027084FD0007EFBB0 /* Debug */ = {
			isa = XCBuildConfiguration;
			buildSettings = {
				ALWAYS_SEARCH_USER_PATHS = NO;
				CLANG_ANALYZER_NONNULL = YES;
				CLANG_ANALYZER_NUMBER_OBJECT_CONVERSION = YES_AGGRESSIVE;
				CLANG_CXX_LANGUAGE_STANDARD = "gnu++17";
				CLANG_CXX_LIBRARY = "libc++";
				CLANG_ENABLE_MODULES = YES;
				CLANG_ENABLE_OBJC_ARC = YES;
				CLANG_ENABLE_OBJC_WEAK = YES;
				CLANG_WARN_BLOCK_CAPTURE_AUTORELEASING = YES;
				CLANG_WARN_BOOL_CONVERSION = YES;
				CLANG_WARN_COMMA = YES;
				CLANG_WARN_CONSTANT_CONVERSION = YES;
				CLANG_WARN_DEPRECATED_OBJC_IMPLEMENTATIONS = YES;
				CLANG_WARN_DIRECT_OBJC_ISA_USAGE = YES_ERROR;
				CLANG_WARN_DOCUMENTATION_COMMENTS = YES;
				CLANG_WARN_EMPTY_BODY = YES;
				CLANG_WARN_ENUM_CONVERSION = YES;
				CLANG_WARN_INFINITE_RECURSION = YES;
				CLANG_WARN_INT_CONVERSION = YES;
				CLANG_WARN_NON_LITERAL_NULL_CONVERSION = YES;
				CLANG_WARN_OBJC_IMPLICIT_RETAIN_SELF = YES;
				CLANG_WARN_OBJC_LITERAL_CONVERSION = YES;
				CLANG_WARN_OBJC_ROOT_CLASS = YES_ERROR;
				CLANG_WARN_QUOTED_INCLUDE_IN_FRAMEWORK_HEADER = YES;
				CLANG_WARN_RANGE_LOOP_ANALYSIS = YES;
				CLANG_WARN_STRICT_PROTOTYPES = YES;
				CLANG_WARN_SUSPICIOUS_MOVE = YES;
				CLANG_WARN_UNGUARDED_AVAILABILITY = YES_AGGRESSIVE;
				CLANG_WARN_UNREACHABLE_CODE = YES;
				CLANG_WARN__DUPLICATE_METHOD_MATCH = YES;
				COPY_PHASE_STRIP = NO;
				DEBUG_INFORMATION_FORMAT = dwarf;
				ENABLE_STRICT_OBJC_MSGSEND = YES;
				ENABLE_TESTABILITY = YES;
				GCC_C_LANGUAGE_STANDARD = gnu11;
				GCC_DYNAMIC_NO_PIC = NO;
				GCC_NO_COMMON_BLOCKS = YES;
				GCC_OPTIMIZATION_LEVEL = 0;
				GCC_PREPROCESSOR_DEFINITIONS = (
					"DEBUG=1",
					"$(inherited)",
				);
				GCC_WARN_64_TO_32_BIT_CONVERSION = YES;
				GCC_WARN_ABOUT_RETURN_TYPE = YES_ERROR;
				GCC_WARN_UNDECLARED_SELECTOR = YES;
				GCC_WARN_UNINITIALIZED_AUTOS = YES_AGGRESSIVE;
				GCC_WARN_UNUSED_FUNCTION = YES;
				GCC_WARN_UNUSED_VARIABLE = YES;
				IPHONEOS_DEPLOYMENT_TARGET = 15.0;
				MTL_ENABLE_DEBUG_INFO = INCLUDE_SOURCE;
				MTL_FAST_MATH = YES;
				ONLY_ACTIVE_ARCH = YES;
				SDKROOT = iphoneos;
				SWIFT_ACTIVE_COMPILATION_CONDITIONS = DEBUG;
				SWIFT_OPTIMIZATION_LEVEL = "-Onone";
			};
			name = Debug;
		};
		C36BCE0127084FD0007EFBB0 /* Release */ = {
			isa = XCBuildConfiguration;
			buildSettings = {
				ALWAYS_SEARCH_USER_PATHS = NO;
				CLANG_ANALYZER_NONNULL = YES;
				CLANG_ANALYZER_NUMBER_OBJECT_CONVERSION = YES_AGGRESSIVE;
				CLANG_CXX_LANGUAGE_STANDARD = "gnu++17";
				CLANG_CXX_LIBRARY = "libc++";
				CLANG_ENABLE_MODULES = YES;
				CLANG_ENABLE_OBJC_ARC = YES;
				CLANG_ENABLE_OBJC_WEAK = YES;
				CLANG_WARN_BLOCK_CAPTURE_AUTORELEASING = YES;
				CLANG_WARN_BOOL_CONVERSION = YES;
				CLANG_WARN_COMMA = YES;
				CLANG_WARN_CONSTANT_CONVERSION = YES;
				CLANG_WARN_DEPRECATED_OBJC_IMPLEMENTATIONS = YES;
				CLANG_WARN_DIRECT_OBJC_ISA_USAGE = YES_ERROR;
				CLANG_WARN_DOCUMENTATION_COMMENTS = YES;
				CLANG_WARN_EMPTY_BODY = YES;
				CLANG_WARN_ENUM_CONVERSION = YES;
				CLANG_WARN_INFINITE_RECURSION = YES;
				CLANG_WARN_INT_CONVERSION = YES;
				CLANG_WARN_NON_LITERAL_NULL_CONVERSION = YES;
				CLANG_WARN_OBJC_IMPLICIT_RETAIN_SELF = YES;
				CLANG_WARN_OBJC_LITERAL_CONVERSION = YES;
				CLANG_WARN_OBJC_ROOT_CLASS = YES_ERROR;
				CLANG_WARN_QUOTED_INCLUDE_IN_FRAMEWORK_HEADER = YES;
				CLANG_WARN_RANGE_LOOP_ANALYSIS = YES;
				CLANG_WARN_STRICT_PROTOTYPES = YES;
				CLANG_WARN_SUSPICIOUS_MOVE = YES;
				CLANG_WARN_UNGUARDED_AVAILABILITY = YES_AGGRESSIVE;
				CLANG_WARN_UNREACHABLE_CODE = YES;
				CLANG_WARN__DUPLICATE_METHOD_MATCH = YES;
				COPY_PHASE_STRIP = NO;
				DEBUG_INFORMATION_FORMAT = "dwarf-with-dsym";
				ENABLE_NS_ASSERTIONS = NO;
				ENABLE_STRICT_OBJC_MSGSEND = YES;
				GCC_C_LANGUAGE_STANDARD = gnu11;
				GCC_NO_COMMON_BLOCKS = YES;
				GCC_WARN_64_TO_32_BIT_CONVERSION = YES;
				GCC_WARN_ABOUT_RETURN_TYPE = YES_ERROR;
				GCC_WARN_UNDECLARED_SELECTOR = YES;
				GCC_WARN_UNINITIALIZED_AUTOS = YES_AGGRESSIVE;
				GCC_WARN_UNUSED_FUNCTION = YES;
				GCC_WARN_UNUSED_VARIABLE = YES;
				IPHONEOS_DEPLOYMENT_TARGET = 15.0;
				MTL_ENABLE_DEBUG_INFO = NO;
				MTL_FAST_MATH = YES;
				SDKROOT = iphoneos;
				SWIFT_COMPILATION_MODE = wholemodule;
				SWIFT_OPTIMIZATION_LEVEL = "-O";
				VALIDATE_PRODUCT = YES;
			};
			name = Release;
		};
		C36BCE0327084FD0007EFBB0 /* Debug */ = {
			isa = XCBuildConfiguration;
			buildSettings = {
				ASSETCATALOG_COMPILER_APPICON_NAME = AppIcon;
				ASSETCATALOG_COMPILER_GLOBAL_ACCENT_COLOR_NAME = AccentColor;
				CODE_SIGN_STYLE = Automatic;
				CURRENT_PROJECT_VERSION = 1;
				GENERATE_INFOPLIST_FILE = YES;
				INFOPLIST_FILE = AlhanoufAlghayhab_Tipster/Info.plist;
				INFOPLIST_KEY_UIApplicationSupportsIndirectInputEvents = YES;
				INFOPLIST_KEY_UILaunchStoryboardName = LaunchScreen;
				INFOPLIST_KEY_UIMainStoryboardFile = Main;
				INFOPLIST_KEY_UISupportedInterfaceOrientations_iPad = "UIInterfaceOrientationPortrait UIInterfaceOrientationPortraitUpsideDown UIInterfaceOrientationLandscapeLeft UIInterfaceOrientationLandscapeRight";
				INFOPLIST_KEY_UISupportedInterfaceOrientations_iPhone = "UIInterfaceOrientationPortrait UIInterfaceOrientationLandscapeLeft UIInterfaceOrientationLandscapeRight";
				LD_RUNPATH_SEARCH_PATHS = (
					"$(inherited)",
					"@executable_path/Frameworks",
				);
				MARKETING_VERSION = 1.0;
				PRODUCT_BUNDLE_IDENTIFIER = "CodingDojo.AlhanoufAlghayhab-Tipster";
				PRODUCT_NAME = "$(TARGET_NAME)";
				SWIFT_EMIT_LOC_STRINGS = YES;
				SWIFT_VERSION = 5.0;
				TARGETED_DEVICE_FAMILY = "1,2";
			};
			name = Debug;
		};
		C36BCE0427084FD0007EFBB0 /* Release */ = {
			isa = XCBuildConfiguration;
			buildSettings = {
				ASSETCATALOG_COMPILER_APPICON_NAME = AppIcon;
				ASSETCATALOG_COMPILER_GLOBAL_ACCENT_COLOR_NAME = AccentColor;
				CODE_SIGN_STYLE = Automatic;
				CURRENT_PROJECT_VERSION = 1;
				GENERATE_INFOPLIST_FILE = YES;
				INFOPLIST_FILE = AlhanoufAlghayhab_Tipster/Info.plist;
				INFOPLIST_KEY_UIApplicationSupportsIndirectInputEvents = YES;
				INFOPLIST_KEY_UILaunchStoryboardName = LaunchScreen;
				INFOPLIST_KEY_UIMainStoryboardFile = Main;
				INFOPLIST_KEY_UISupportedInterfaceOrientations_iPad = "UIInterfaceOrientationPortrait UIInterfaceOrientationPortraitUpsideDown UIInterfaceOrientationLandscapeLeft UIInterfaceOrientationLandscapeRight";
				INFOPLIST_KEY_UISupportedInterfaceOrientations_iPhone = "UIInterfaceOrientationPortrait UIInterfaceOrientationLandscapeLeft UIInterfaceOrientationLandscapeRight";
				LD_RUNPATH_SEARCH_PATHS = (
					"$(inherited)",
					"@executable_path/Frameworks",
				);
				MARKETING_VERSION = 1.0;
				PRODUCT_BUNDLE_IDENTIFIER = "CodingDojo.AlhanoufAlghayhab-Tipster";
				PRODUCT_NAME = "$(TARGET_NAME)";
				SWIFT_EMIT_LOC_STRINGS = YES;
				SWIFT_VERSION = 5.0;
				TARGETED_DEVICE_FAMILY = "1,2";
			};
			name = Release;
		};
		C36BCE0627084FD0007EFBB0 /* Debug */ = {
			isa = XCBuildConfiguration;
			buildSettings = {
				ALWAYS_EMBED_SWIFT_STANDARD_LIBRARIES = YES;
				BUNDLE_LOADER = "$(TEST_HOST)";
				CODE_SIGN_STYLE = Automatic;
				CURRENT_PROJECT_VERSION = 1;
				GENERATE_INFOPLIST_FILE = YES;
				IPHONEOS_DEPLOYMENT_TARGET = 15.0;
				LD_RUNPATH_SEARCH_PATHS = (
					"$(inherited)",
					"@executable_path/Frameworks",
					"@loader_path/Frameworks",
				);
				MARKETING_VERSION = 1.0;
				PRODUCT_BUNDLE_IDENTIFIER = "CodingDojo.AlhanoufAlghayhab-TipsterTests";
				PRODUCT_NAME = "$(TARGET_NAME)";
				SWIFT_EMIT_LOC_STRINGS = NO;
				SWIFT_VERSION = 5.0;
				TARGETED_DEVICE_FAMILY = "1,2";
				TEST_HOST = "$(BUILT_PRODUCTS_DIR)/AlhanoufAlghayhab_Tipster.app/AlhanoufAlghayhab_Tipster";
			};
			name = Debug;
		};
		C36BCE0727084FD0007EFBB0 /* Release */ = {
			isa = XCBuildConfiguration;
			buildSettings = {
				ALWAYS_EMBED_SWIFT_STANDARD_LIBRARIES = YES;
				BUNDLE_LOADER = "$(TEST_HOST)";
				CODE_SIGN_STYLE = Automatic;
				CURRENT_PROJECT_VERSION = 1;
				GENERATE_INFOPLIST_FILE = YES;
				IPHONEOS_DEPLOYMENT_TARGET = 15.0;
				LD_RUNPATH_SEARCH_PATHS = (
					"$(inherited)",
					"@executable_path/Frameworks",
					"@loader_path/Frameworks",
				);
				MARKETING_VERSION = 1.0;
				PRODUCT_BUNDLE_IDENTIFIER = "CodingDojo.AlhanoufAlghayhab-TipsterTests";
				PRODUCT_NAME = "$(TARGET_NAME)";
				SWIFT_EMIT_LOC_STRINGS = NO;
				SWIFT_VERSION = 5.0;
				TARGETED_DEVICE_FAMILY = "1,2";
				TEST_HOST = "$(BUILT_PRODUCTS_DIR)/AlhanoufAlghayhab_Tipster.app/AlhanoufAlghayhab_Tipster";
			};
			name = Release;
		};
		C36BCE0927084FD0007EFBB0 /* Debug */ = {
			isa = XCBuildConfiguration;
			buildSettings = {
				ALWAYS_EMBED_SWIFT_STANDARD_LIBRARIES = YES;
				CODE_SIGN_STYLE = Automatic;
				CURRENT_PROJECT_VERSION = 1;
				GENERATE_INFOPLIST_FILE = YES;
				LD_RUNPATH_SEARCH_PATHS = (
					"$(inherited)",
					"@executable_path/Frameworks",
					"@loader_path/Frameworks",
				);
				MARKETING_VERSION = 1.0;
				PRODUCT_BUNDLE_IDENTIFIER = "CodingDojo.AlhanoufAlghayhab-TipsterUITests";
				PRODUCT_NAME = "$(TARGET_NAME)";
				SWIFT_EMIT_LOC_STRINGS = NO;
				SWIFT_VERSION = 5.0;
				TARGETED_DEVICE_FAMILY = "1,2";
				TEST_TARGET_NAME = AlhanoufAlghayhab_Tipster;
			};
			name = Debug;
		};
		C36BCE0A27084FD0007EFBB0 /* Release */ = {
			isa = XCBuildConfiguration;
			buildSettings = {
				ALWAYS_EMBED_SWIFT_STANDARD_LIBRARIES = YES;
				CODE_SIGN_STYLE = Automatic;
				CURRENT_PROJECT_VERSION = 1;
				GENERATE_INFOPLIST_FILE = YES;
				LD_RUNPATH_SEARCH_PATHS = (
					"$(inherited)",
					"@executable_path/Frameworks",
					"@loader_path/Frameworks",
				);
				MARKETING_VERSION = 1.0;
				PRODUCT_BUNDLE_IDENTIFIER = "CodingDojo.AlhanoufAlghayhab-TipsterUITests";
				PRODUCT_NAME = "$(TARGET_NAME)";
				SWIFT_EMIT_LOC_STRINGS = NO;
				SWIFT_VERSION = 5.0;
				TARGETED_DEVICE_FAMILY = "1,2";
				TEST_TARGET_NAME = AlhanoufAlghayhab_Tipster;
			};
			name = Release;
		};
/* End XCBuildConfiguration section */

/* Begin XCConfigurationList section */
		C36BCDD327084FCF007EFBB0 /* Build configuration list for PBXProject "AlhanoufAlghayhab_Tipster" */ = {
			isa = XCConfigurationList;
			buildConfigurations = (
				C36BCE0027084FD0007EFBB0 /* Debug */,
				C36BCE0127084FD0007EFBB0 /* Release */,
			);
			defaultConfigurationIsVisible = 0;
			defaultConfigurationName = Release;
		};
		C36BCE0227084FD0007EFBB0 /* Build configuration list for PBXNativeTarget "AlhanoufAlghayhab_Tipster" */ = {
			isa = XCConfigurationList;
			buildConfigurations = (
				C36BCE0327084FD0007EFBB0 /* Debug */,
				C36BCE0427084FD0007EFBB0 /* Release */,
			);
			defaultConfigurationIsVisible = 0;
			defaultConfigurationName = Release;
		};
		C36BCE0527084FD0007EFBB0 /* Build configuration list for PBXNativeTarget "AlhanoufAlghayhab_TipsterTests" */ = {
			isa = XCConfigurationList;
			buildConfigurations = (
				C36BCE0627084FD0007EFBB0 /* Debug */,
				C36BCE0727084FD0007EFBB0 /* Release */,
			);
			defaultConfigurationIsVisible = 0;
			defaultConfigurationName = Release;
		};
		C36BCE0827084FD0007EFBB0 /* Build configuration list for PBXNativeTarget "AlhanoufAlghayhab_TipsterUITests" */ = {
			isa = XCConfigurationList;
			buildConfigurations = (
				C36BCE0927084FD0007EFBB0 /* Debug */,
				C36BCE0A27084FD0007EFBB0 /* Release */,
			);
			defaultConfigurationIsVisible = 0;
			defaultConfigurationName = Release;
		};
/* End XCConfigurationList section */
	};
	rootObject = C36BCDD027084FCF007EFBB0 /* Project object */;
}
